<?xml version="1.0" encoding="utf-8"?>
<Project ToolsVersion="4.0" xmlns="http://schemas.microsoft.com/developer/msbuild/2003">
  <ItemGroup>
    <Filter Include="Source Files">
      <UniqueIdentifier>{4FC737F1-C7A5-4376-A066-2A32D752A2FF}</UniqueIdentifier>
      <Extensions>cpp;c;cc;cxx;def;odl;idl;hpj;bat;asm;asmx</Extensions>
    </Filter>
    <Filter Include="Header Files">
      <UniqueIdentifier>{93995380-89BD-4b04-88EB-625FBE52EBFB}</UniqueIdentifier>
      <Extensions>h;hh;hpp;hxx;hm;inl;inc;xsd</Extensions>
    </Filter>
    <Filter Include="Resource Files">
      <UniqueIdentifier>{D9D6E242-F8AF-46E4-B9FD-80ECBC20BA3E}</UniqueIdentifier>
      <Extensions>qrc;*</Extensions>
      <ParseFiles>false</ParseFiles>
    </Filter>
    <Filter Include="Form Files">
      <UniqueIdentifier>{99349809-55BA-4b9d-BF79-8FDBB0286EB3}</UniqueIdentifier>
      <Extensions>ui</Extensions>
    </Filter>
    <Filter Include="Resource Files">
      <UniqueIdentifier>{D9D6E242-F8AF-46E4-B9FD-80ECBC20BA3E}</UniqueIdentifier>
      <Extensions>qrc;*</Extensions>
      <ParseFiles>false</ParseFiles>
    </Filter>
    <Filter Include="Generated Files">
      <UniqueIdentifier>{71ED8ED8-ACB9-4CE9-BBE1-E00B30144E11}</UniqueIdentifier>
      <Extensions>moc;h;cpp</Extensions>
      <SourceControlFiles>False</SourceControlFiles>
    </Filter>
    <Filter Include="Generated Files\Debug">
      <UniqueIdentifier>{5b12e00e-3260-4772-b77c-81845955b29c}</UniqueIdentifier>
      <Extensions>cpp;moc</Extensions>
      <SourceControlFiles>False</SourceControlFiles>
    </Filter>
    <Filter Include="Generated Files\Release">
      <UniqueIdentifier>{f1ba527c-c606-4567-86e5-5df1041736a6}</UniqueIdentifier>
      <Extensions>cpp;moc</Extensions>
      <SourceControlFiles>False</SourceControlFiles>
    </Filter>
    <Filter Include="Ply">
      <UniqueIdentifier>{6906e4d8-3eeb-4cb3-8833-348ec260765e}</UniqueIdentifier>
    </Filter>
    <Filter Include="Ply\VCG_&amp;_GL">
      <UniqueIdentifier>{2707cdae-d70e-40ef-8d76-a6a673f92f99}</UniqueIdentifier>
    </Filter>
  </ItemGroup>
  <ItemGroup>
    <ClCompile Include="main.cpp">
      <Filter>Source Files</Filter>
    </ClCompile>
    <ClCompile Include="GeneratedFiles\qrc_PlyWin.cpp">
      <Filter>Generated Files</Filter>
    </ClCompile>
    <ClCompile Include="GeneratedFiles\Debug\moc_MeshDoc.cpp">
      <Filter>Generated Files\Debug</Filter>
    </ClCompile>
    <ClCompile Include="GeneratedFiles\Release\moc_MeshDoc.cpp">
      <Filter>Generated Files\Release</Filter>
    </ClCompile>
    <ClCompile Include="GeneratedFiles\Debug\moc_plyview.cpp">
      <Filter>Generated Files\Debug</Filter>
    </ClCompile>
    <ClCompile Include="GeneratedFiles\Release\moc_plyview.cpp">
      <Filter>Generated Files\Release</Filter>
    </ClCompile>
    <ClCompile Include="GeneratedFiles\Debug\moc_plywindow.cpp">
      <Filter>Generated Files\Debug</Filter>
    </ClCompile>
    <ClCompile Include="GeneratedFiles\Release\moc_plywindow.cpp">
      <Filter>Generated Files\Release</Filter>
    </ClCompile>
    <ClCompile Include="ply\MeshDoc.cpp">
      <Filter>Ply</Filter>
    </ClCompile>
    <ClCompile Include="ply\plyview.cpp">
      <Filter>Ply</Filter>
    </ClCompile>
    <ClCompile Include="ply\plywindow.cpp">
      <Filter>Ply</Filter>
    </ClCompile>
    <ClCompile Include="ply\RenderParam.cpp">
      <Filter>Ply</Filter>
    </ClCompile>
    <ClCompile Include="ply\vcglib\wrap\ply\plylib.cpp">
      <Filter>Ply\VCG_&amp;_GL</Filter>
    </ClCompile>
    <ClCompile Include="ply\GL\glew.c">
      <Filter>Ply\VCG_&amp;_GL</Filter>
    </ClCompile>
    <ClCompile Include="ply\vcglib\wrap\gui\trackmode.cpp">
      <Filter>Ply\VCG_&amp;_GL</Filter>
    </ClCompile>
    <ClCompile Include="ply\vcglib\wrap\gui\trackball.cpp">
      <Filter>Ply\VCG_&amp;_GL</Filter>
    </ClCompile>
    <ClCompile Include="ply\GeometryObject.cpp">
      <Filter>Ply</Filter>
    </ClCompile>
  </ItemGroup>
  <ItemGroup>
    <CustomBuild Include="PlyWin.qrc">
      <Filter>Resource Files</Filter>
    </CustomBuild>
    <CustomBuild Include="ply\MeshDoc.h">
      <Filter>Ply</Filter>
    </CustomBuild>
    <CustomBuild Include="ply\plyview.h">
      <Filter>Ply</Filter>
    </CustomBuild>
    <CustomBuild Include="ply\plywindow.h">
      <Filter>Ply</Filter>
    </CustomBuild>
  </ItemGroup>
  <ItemGroup>
    <ClInclude Include="ply\RenderParam.h">
      <Filter>Ply</Filter>
    </ClInclude>
    <ClInclude Include="ply\vcglib\wrap\ply\plylib.h">
      <Filter>Ply\VCG_&amp;_GL</Filter>
    </ClInclude>
    <ClInclude Include="ply\vcglib\wrap\io_trimesh\export.h">
      <Filter>Ply\VCG_&amp;_GL</Filter>
    </ClInclude>
    <ClInclude Include="ply\vcglib\wrap\gui\trackball.h">
      <Filter>Ply\VCG_&amp;_GL</Filter>
    </ClInclude>
    <ClInclude Include="ply\vcglib\wrap\gui\trackmode.h">
      <Filter>Ply\VCG_&amp;_GL</Filter>
    </ClInclude>
    <ClInclude Include="ply\vcglib\wrap\gl\trimesh.h">
      <Filter>Ply\VCG_&amp;_GL</Filter>
    </ClInclude>
    <ClInclude Include="ply\GeometryObject.h">
      <Filter>Ply</Filter>
    </ClInclude>
  </ItemGroup>
</Project>